
Microsoft Visual Studio Solution File, Format Version 12.00
# Visual Studio Version 17
VisualStudioVersion = 17.5.002.0
MinimumVisualStudioVersion = 10.0.40219.1
Project("{9A19103F-16F7-4668-BE54-9A1E7A4F7556}") = "dartasuzd", "dartasuzd.csproj", "{07134808-BA7C-4C64-9F78-28071201E0BE}"
EndProject
Global
	GlobalSection(SolutionConfigurationPlatforms) = preSolution
		Debug|Any CPU = Debug|Any CPU
		Release|Any CPU = Release|Any CPU
	EndGlobalSection
	GlobalSection(ProjectConfigurationPlatforms) = postSolution
		{07134808-BA7C-4C64-9F78-28071201E0BE}.Debug|Any CPU.ActiveCfg = Debug|Any CPU
		{07134808-BA7C-4C64-9F78-28071201E0BE}.Debug|Any CPU.Build.0 = Debug|Any CPU
		{07134808-BA7C-4C64-9F78-28071201E0BE}.Release|Any CPU.ActiveCfg = Release|Any CPU
		{07134808-BA7C-4C64-9F78-28071201E0BE}.Release|Any CPU.Build.0 = Release|Any CPU
	EndGlobalSection
	GlobalSection(SolutionProperties) = preSolution
		HideSolutionNode = FALSE
	EndGlobalSection
	GlobalSection(ExtensibilityGlobals) = postSolution
		SolutionGuid = {2964C959-B02F-426A-871C-0D02C0EEDF6A}
	EndGlobalSection
EndGlobal
